
Microsoft Visual Studio Solution File, Format Version 12.00
# Visual Studio Version 17
VisualStudioVersion = 17.10.35122.118
MinimumVisualStudioVersion = 10.0.40219.1
Project("{FAE04EC0-301F-11D3-BF4B-00C04F79EFBC}") = "ToDo-Application", "ToDo Application\ToDo-Application.csproj", "{C751D693-6D82-4E95-9AC3-A3515ABAA21F}"
EndProject
Global
	GlobalSection(SolutionConfigurationPlatforms) = preSolution
		Debug|Any CPU = Debug|Any CPU
		Release|Any CPU = Release|Any CPU
	EndGlobalSection
	GlobalSection(ProjectConfigurationPlatforms) = postSolution
		{C751D693-6D82-4E95-9AC3-A3515ABAA21F}.Debug|Any CPU.ActiveCfg = Debug|Any CPU
		{C751D693-6D82-4E95-9AC3-A3515ABAA21F}.Debug|Any CPU.Build.0 = Debug|Any CPU
		{C751D693-6D82-4E95-9AC3-A3515ABAA21F}.Release|Any CPU.ActiveCfg = Release|Any CPU
		{C751D693-6D82-4E95-9AC3-A3515ABAA21F}.Release|Any CPU.Build.0 = Release|Any CPU
	EndGlobalSection
	GlobalSection(SolutionProperties) = preSolution
		HideSolutionNode = FALSE
	EndGlobalSection
	GlobalSection(ExtensibilityGlobals) = postSolution
		SolutionGuid = {140A4CFD-F90B-4926-AB63-38B2AE71094A}
	EndGlobalSection
EndGlobal
